DEPENDENCIES
  apache
    path: site-cookbooks/apache
  git
  mysql
    path: site-cookbooks/mysql
  php
    path: site-cookbooks/php
  selinux
  yum-epel
  yum-remi

GRAPH
  apache (0.1.0)
  build-essential (8.0.0)
    mingw (>= 1.1)
    seven_zip (>= 0.0.0)
  compat_resource (12.16.3)
  dmg (3.1.1)
  git (6.0.0)
    build-essential (>= 0.0.0)
    dmg (>= 0.0.0)
    yum-epel (>= 0.0.0)
  mingw (2.0.0)
    seven_zip (>= 0.0.0)
  mysql (0.1.0)
  ohai (5.0.3)
  php (0.1.0)
  selinux (1.0.3)
  seven_zip (2.0.2)
    windows (>= 1.2.2)
  windows (3.0.5)
    ohai (>= 4.0.0)
  yum (5.0.1)
  yum-epel (2.1.1)
    compat_resource (>= 12.16.3)
  yum-remi (0.1.0)
    yum (>= 0.0.0)
